
Microsoft Visual Studio Solution File, Format Version 12.00
# Visual Studio 2013
VisualStudioVersion = 12.0.21005.1
MinimumVisualStudioVersion = 10.0.40219.1
Project("{FAE04EC0-301F-11D3-BF4B-00C04F79EFBC}") = "WebStore.WebUI", "WebStore.WebUI\WebStore.WebUI.csproj", "{73AA44AA-6E27-4F59-954F-59FFEC2E00C6}"
EndProject
Project("{FAE04EC0-301F-11D3-BF4B-00C04F79EFBC}") = "WebStore.UnitTests", "WebStore.TestUnits\WebStore.UnitTests.csproj", "{DB1954BE-7B5E-439D-9BEE-49FAA58CA224}"
EndProject
Project("{FAE04EC0-301F-11D3-BF4B-00C04F79EFBC}") = "WebStore.Domain", "WebStore.Domain\WebStore.Domain.csproj", "{A3F2CA7E-C328-4C84-95C1-6FAD4AFA2D48}"
EndProject
Global
	GlobalSection(SolutionConfigurationPlatforms) = preSolution
		Debug|Any CPU = Debug|Any CPU
		Release|Any CPU = Release|Any CPU
	EndGlobalSection
	GlobalSection(ProjectConfigurationPlatforms) = postSolution
		{73AA44AA-6E27-4F59-954F-59FFEC2E00C6}.Debug|Any CPU.ActiveCfg = Debug|Any CPU
		{73AA44AA-6E27-4F59-954F-59FFEC2E00C6}.Debug|Any CPU.Build.0 = Debug|Any CPU
		{73AA44AA-6E27-4F59-954F-59FFEC2E00C6}.Release|Any CPU.ActiveCfg = Release|Any CPU
		{73AA44AA-6E27-4F59-954F-59FFEC2E00C6}.Release|Any CPU.Build.0 = Release|Any CPU
		{DB1954BE-7B5E-439D-9BEE-49FAA58CA224}.Debug|Any CPU.ActiveCfg = Debug|Any CPU
		{DB1954BE-7B5E-439D-9BEE-49FAA58CA224}.Debug|Any CPU.Build.0 = Debug|Any CPU
		{DB1954BE-7B5E-439D-9BEE-49FAA58CA224}.Release|Any CPU.ActiveCfg = Release|Any CPU
		{DB1954BE-7B5E-439D-9BEE-49FAA58CA224}.Release|Any CPU.Build.0 = Release|Any CPU
		{A3F2CA7E-C328-4C84-95C1-6FAD4AFA2D48}.Debug|Any CPU.ActiveCfg = Debug|Any CPU
		{A3F2CA7E-C328-4C84-95C1-6FAD4AFA2D48}.Debug|Any CPU.Build.0 = Debug|Any CPU
		{A3F2CA7E-C328-4C84-95C1-6FAD4AFA2D48}.Release|Any CPU.ActiveCfg = Release|Any CPU
		{A3F2CA7E-C328-4C84-95C1-6FAD4AFA2D48}.Release|Any CPU.Build.0 = Release|Any CPU
	EndGlobalSection
	GlobalSection(SolutionProperties) = preSolution
		HideSolutionNode = FALSE
	EndGlobalSection
EndGlobal
